// !$*UTF8*$!
{
	archiveVersion = 1;
	classes = {
	};
	objectVersion = 55;
	objects = {

/* Begin PBXBuildFile section */
		83158F3627D4315A00EC5709 /* ExerciseView.swift in Sources */ = {isa = PBXBuildFile; fileRef = 83158F3527D4315A00EC5709 /* ExerciseView.swift */; };
		83158F3827D431E900EC5709 /* Bundle-Decodable.swift in Sources */ = {isa = PBXBuildFile; fileRef = 83158F3727D431E900EC5709 /* Bundle-Decodable.swift */; };
		83158F3A27D4328500EC5709 /* Exercise.swift in Sources */ = {isa = PBXBuildFile; fileRef = 83158F3927D4328500EC5709 /* Exercise.swift */; };
		83158F3E27D433CA00EC5709 /* Bundle-String.swift in Sources */ = {isa = PBXBuildFile; fileRef = 83158F3D27D433C900EC5709 /* Bundle-String.swift */; };
		83158F3F27D4378300EC5709 /* exercises.json in Resources */ = {isa = PBXBuildFile; fileRef = 83158F3C27D4338E00EC5709 /* exercises.json */; };
		83158F4127D437EB00EC5709 /* ExerciseDetailsView.swift in Sources */ = {isa = PBXBuildFile; fileRef = 83158F4027D437EB00EC5709 /* ExerciseDetailsView.swift */; };
		83158F4427D43C5A00EC5709 /* SettingsView.swift in Sources */ = {isa = PBXBuildFile; fileRef = 83158F4327D43C5A00EC5709 /* SettingsView.swift */; };
		8321DAE327D2D4B2007057AD /* WorkoutTracking2App.swift in Sources */ = {isa = PBXBuildFile; fileRef = 8321DAE227D2D4B2007057AD /* WorkoutTracking2App.swift */; };
		8321DAE527D2D4B2007057AD /* ContentView.swift in Sources */ = {isa = PBXBuildFile; fileRef = 8321DAE427D2D4B2007057AD /* ContentView.swift */; };
		8321DAE727D2D4B2007057AD /* Assets.xcassets in Resources */ = {isa = PBXBuildFile; fileRef = 8321DAE627D2D4B2007057AD /* Assets.xcassets */; };
		8321DAEA27D2D4B2007057AD /* Preview Assets.xcassets in Resources */ = {isa = PBXBuildFile; fileRef = 8321DAE927D2D4B2007057AD /* Preview Assets.xcassets */; };
		8321DAF227D2D4DE007057AD /* Routine.swift in Sources */ = {isa = PBXBuildFile; fileRef = 8321DAF127D2D4DE007057AD /* Routine.swift */; };
		8321DAF427D2D4E7007057AD /* Workout.swift in Sources */ = {isa = PBXBuildFile; fileRef = 8321DAF327D2D4E7007057AD /* Workout.swift */; };
		8321DAF627D2D4F0007057AD /* Set.swift in Sources */ = {isa = PBXBuildFile; fileRef = 8321DAF527D2D4F0007057AD /* Set.swift */; };
		8321DAF927D2D6F6007057AD /* RoutineView.swift in Sources */ = {isa = PBXBuildFile; fileRef = 8321DAF827D2D6F6007057AD /* RoutineView.swift */; };
		8321DAFB27D2D7CB007057AD /* AddRoutineView.swift in Sources */ = {isa = PBXBuildFile; fileRef = 8321DAFA27D2D7CB007057AD /* AddRoutineView.swift */; };
		8321DAFE27D2E0BB007057AD /* RoutineDetailsView.swift in Sources */ = {isa = PBXBuildFile; fileRef = 8321DAFD27D2E0BB007057AD /* RoutineDetailsView.swift */; };
		8321DB0027D2E4F2007057AD /* AddWorkoutView.swift in Sources */ = {isa = PBXBuildFile; fileRef = 8321DAFF27D2E4F2007057AD /* AddWorkoutView.swift */; };
		836C326527D3FE3B00A37223 /* WorkoutDetailsView.swift in Sources */ = {isa = PBXBuildFile; fileRef = 836C326427D3FE3B00A37223 /* WorkoutDetailsView.swift */; };
		836C3AFD27D41987007A2552 /* UserData.swift in Sources */ = {isa = PBXBuildFile; fileRef = 836C3AFC27D41987007A2552 /* UserData.swift */; };
		83D3F3E427D5D1C00063960D /* WorkoutPicker.swift in Sources */ = {isa = PBXBuildFile; fileRef = 83D3F3E327D5D1C00063960D /* WorkoutPicker.swift */; };
		83D3F3E627D5DBC70063960D /* WorkoutPickerListView.swift in Sources */ = {isa = PBXBuildFile; fileRef = 83D3F3E527D5DBC70063960D /* WorkoutPickerListView.swift */; };
/* End PBXBuildFile section */

/* Begin PBXFileReference section */
		83158F3527D4315A00EC5709 /* ExerciseView.swift */ = {isa = PBXFileReference; lastKnownFileType = sourcecode.swift; path = ExerciseView.swift; sourceTree = "<group>"; };
		83158F3727D431E900EC5709 /* Bundle-Decodable.swift */ = {isa = PBXFileReference; lastKnownFileType = sourcecode.swift; path = "Bundle-Decodable.swift"; sourceTree = "<group>"; };
		83158F3927D4328500EC5709 /* Exercise.swift */ = {isa = PBXFileReference; lastKnownFileType = sourcecode.swift; path = Exercise.swift; sourceTree = "<group>"; };
		83158F3C27D4338E00EC5709 /* exercises.json */ = {isa = PBXFileReference; lastKnownFileType = text.json; path = exercises.json; sourceTree = "<group>"; };
		83158F3D27D433C900EC5709 /* Bundle-String.swift */ = {isa = PBXFileReference; lastKnownFileType = sourcecode.swift; path = "Bundle-String.swift"; sourceTree = "<group>"; };
		83158F4027D437EB00EC5709 /* ExerciseDetailsView.swift */ = {isa = PBXFileReference; lastKnownFileType = sourcecode.swift; path = ExerciseDetailsView.swift; sourceTree = "<group>"; };
		83158F4327D43C5A00EC5709 /* SettingsView.swift */ = {isa = PBXFileReference; lastKnownFileType = sourcecode.swift; path = SettingsView.swift; sourceTree = "<group>"; };
		8321DADF27D2D4B2007057AD /* WorkoutTracking2.app */ = {isa = PBXFileReference; explicitFileType = wrapper.application; includeInIndex = 0; path = WorkoutTracking2.app; sourceTree = BUILT_PRODUCTS_DIR; };
		8321DAE227D2D4B2007057AD /* WorkoutTracking2App.swift */ = {isa = PBXFileReference; lastKnownFileType = sourcecode.swift; path = WorkoutTracking2App.swift; sourceTree = "<group>"; };
		8321DAE427D2D4B2007057AD /* ContentView.swift */ = {isa = PBXFileReference; lastKnownFileType = sourcecode.swift; path = ContentView.swift; sourceTree = "<group>"; };
		8321DAE627D2D4B2007057AD /* Assets.xcassets */ = {isa = PBXFileReference; lastKnownFileType = folder.assetcatalog; path = Assets.xcassets; sourceTree = "<group>"; };
		8321DAE927D2D4B2007057AD /* Preview Assets.xcassets */ = {isa = PBXFileReference; lastKnownFileType = folder.assetcatalog; path = "Preview Assets.xcassets"; sourceTree = "<group>"; };
		8321DAF127D2D4DE007057AD /* Routine.swift */ = {isa = PBXFileReference; lastKnownFileType = sourcecode.swift; path = Routine.swift; sourceTree = "<group>"; };
		8321DAF327D2D4E7007057AD /* Workout.swift */ = {isa = PBXFileReference; lastKnownFileType = sourcecode.swift; path = Workout.swift; sourceTree = "<group>"; };
		8321DAF527D2D4F0007057AD /* Set.swift */ = {isa = PBXFileReference; lastKnownFileType = sourcecode.swift; path = Set.swift; sourceTree = "<group>"; };
		8321DAF827D2D6F6007057AD /* RoutineView.swift */ = {isa = PBXFileReference; lastKnownFileType = sourcecode.swift; path = RoutineView.swift; sourceTree = "<group>"; };
		8321DAFA27D2D7CB007057AD /* AddRoutineView.swift */ = {isa = PBXFileReference; lastKnownFileType = sourcecode.swift; path = AddRoutineView.swift; sourceTree = "<group>"; };
		8321DAFD27D2E0BB007057AD /* RoutineDetailsView.swift */ = {isa = PBXFileReference; lastKnownFileType = sourcecode.swift; path = RoutineDetailsView.swift; sourceTree = "<group>"; };
		8321DAFF27D2E4F2007057AD /* AddWorkoutView.swift */ = {isa = PBXFileReference; lastKnownFileType = sourcecode.swift; path = AddWorkoutView.swift; sourceTree = "<group>"; };
		836C326427D3FE3B00A37223 /* WorkoutDetailsView.swift */ = {isa = PBXFileReference; lastKnownFileType = sourcecode.swift; path = WorkoutDetailsView.swift; sourceTree = "<group>"; };
		836C3AFC27D41987007A2552 /* UserData.swift */ = {isa = PBXFileReference; lastKnownFileType = sourcecode.swift; path = UserData.swift; sourceTree = "<group>"; };
		83D3F3E327D5D1C00063960D /* WorkoutPicker.swift */ = {isa = PBXFileReference; lastKnownFileType = sourcecode.swift; path = WorkoutPicker.swift; sourceTree = "<group>"; };
		83D3F3E527D5DBC70063960D /* WorkoutPickerListView.swift */ = {isa = PBXFileReference; lastKnownFileType = sourcecode.swift; path = WorkoutPickerListView.swift; sourceTree = "<group>"; };
/* End PBXFileReference section */

/* Begin PBXFrameworksBuildPhase section */
		8321DADC27D2D4B2007057AD /* Frameworks */ = {
			isa = PBXFrameworksBuildPhase;
			buildActionMask = 2147483647;
			files = (
			);
			runOnlyForDeploymentPostprocessing = 0;
		};
/* End PBXFrameworksBuildPhase section */

/* Begin PBXGroup section */
		83158F3327D4312300EC5709 /* UserRoutines */ = {
			isa = PBXGroup;
			children = (
				8321DAF827D2D6F6007057AD /* RoutineView.swift */,
				8321DAFA27D2D7CB007057AD /* AddRoutineView.swift */,
				8321DAFD27D2E0BB007057AD /* RoutineDetailsView.swift */,
				8321DAFF27D2E4F2007057AD /* AddWorkoutView.swift */,
				836C326427D3FE3B00A37223 /* WorkoutDetailsView.swift */,
			);
			path = UserRoutines;
			sourceTree = "<group>";
		};
		83158F3427D4313100EC5709 /* Exercises */ = {
			isa = PBXGroup;
			children = (
				83158F3527D4315A00EC5709 /* ExerciseView.swift */,
				83158F4027D437EB00EC5709 /* ExerciseDetailsView.swift */,
			);
			path = Exercises;
			sourceTree = "<group>";
		};
		83158F3B27D4337A00EC5709 /* JSON */ = {
			isa = PBXGroup;
			children = (
				83158F3C27D4338E00EC5709 /* exercises.json */,
			);
			path = JSON;
			sourceTree = "<group>";
		};
		83158F4227D43C4A00EC5709 /* Settings */ = {
			isa = PBXGroup;
			children = (
				83158F4327D43C5A00EC5709 /* SettingsView.swift */,
			);
			path = Settings;
			sourceTree = "<group>";
		};
		8321DAD627D2D4B1007057AD = {
			isa = PBXGroup;
			children = (
				8321DAE127D2D4B2007057AD /* WorkoutTracking2 */,
				8321DAE027D2D4B2007057AD /* Products */,
			);
			sourceTree = "<group>";
		};
		8321DAE027D2D4B2007057AD /* Products */ = {
			isa = PBXGroup;
			children = (
				8321DADF27D2D4B2007057AD /* WorkoutTracking2.app */,
			);
			name = Products;
			sourceTree = "<group>";
		};
		8321DAE127D2D4B2007057AD /* WorkoutTracking2 */ = {
			isa = PBXGroup;
			children = (
				8321DAE827D2D4B2007057AD /* Preview Content */,
				8321DAE227D2D4B2007057AD /* WorkoutTracking2App.swift */,
				8321DAE427D2D4B2007057AD /* ContentView.swift */,
				8321DAE627D2D4B2007057AD /* Assets.xcassets */,
				8321DAFC27D2DC39007057AD /* Classes */,
				83158F3B27D4337A00EC5709 /* JSON */,
				8321DAF027D2D4D1007057AD /* Structs */,
				8321DAF727D2D51F007057AD /* Views */,
			);
			path = WorkoutTracking2;
			sourceTree = "<group>";
		};
		8321DAE827D2D4B2007057AD /* Preview Content */ = {
			isa = PBXGroup;
			children = (
				8321DAE927D2D4B2007057AD /* Preview Assets.xcassets */,
			);
			path = "Preview Content";
			sourceTree = "<group>";
		};
		8321DAF027D2D4D1007057AD /* Structs */ = {
			isa = PBXGroup;
			children = (
				8321DAF127D2D4DE007057AD /* Routine.swift */,
				8321DAF327D2D4E7007057AD /* Workout.swift */,
				8321DAF527D2D4F0007057AD /* Set.swift */,
				83158F3927D4328500EC5709 /* Exercise.swift */,
			);
			path = Structs;
			sourceTree = "<group>";
		};
		8321DAF727D2D51F007057AD /* Views */ = {
			isa = PBXGroup;
			children = (
				83158F3327D4312300EC5709 /* UserRoutines */,
				83158F3427D4313100EC5709 /* Exercises */,
				83158F4227D43C4A00EC5709 /* Settings */,
				83D3F3E327D5D1C00063960D /* WorkoutPicker.swift */,
				83D3F3E527D5DBC70063960D /* WorkoutPickerListView.swift */,
			);
			path = Views;
			sourceTree = "<group>";
		};
		8321DAFC27D2DC39007057AD /* Classes */ = {
			isa = PBXGroup;
			children = (
				836C3AFC27D41987007A2552 /* UserData.swift */,
				83158F3727D431E900EC5709 /* Bundle-Decodable.swift */,
				83158F3D27D433C900EC5709 /* Bundle-String.swift */,
			);
			path = Classes;
			sourceTree = "<group>";
		};
/* End PBXGroup section */

/* Begin PBXNativeTarget section */
		8321DADE27D2D4B2007057AD /* WorkoutTracking2 */ = {
			isa = PBXNativeTarget;
			buildConfigurationList = 8321DAED27D2D4B2007057AD /* Build configuration list for PBXNativeTarget "WorkoutTracking2" */;
			buildPhases = (
				8321DADB27D2D4B2007057AD /* Sources */,
				8321DADC27D2D4B2007057AD /* Frameworks */,
				8321DADD27D2D4B2007057AD /* Resources */,
			);
			buildRules = (
			);
			dependencies = (
			);
			name = WorkoutTracking2;
			productName = WorkoutTracking2;
			productReference = 8321DADF27D2D4B2007057AD /* WorkoutTracking2.app */;
			productType = "com.apple.product-type.application";
		};
/* End PBXNativeTarget section */

/* Begin PBXProject section */
		8321DAD727D2D4B1007057AD /* Project object */ = {
			isa = PBXProject;
			attributes = {
				BuildIndependentTargetsInParallel = 1;
				LastSwiftUpdateCheck = 1320;
				LastUpgradeCheck = 1320;
				TargetAttributes = {
					8321DADE27D2D4B2007057AD = {
						CreatedOnToolsVersion = 13.2.1;
					};
				};
			};
			buildConfigurationList = 8321DADA27D2D4B1007057AD /* Build configuration list for PBXProject "WorkoutTracking2" */;
			compatibilityVersion = "Xcode 13.0";
			developmentRegion = en;
			hasScannedForEncodings = 0;
			knownRegions = (
				en,
				Base,
			);
			mainGroup = 8321DAD627D2D4B1007057AD;
			productRefGroup = 8321DAE027D2D4B2007057AD /* Products */;
			projectDirPath = "";
			projectRoot = "";
			targets = (
				8321DADE27D2D4B2007057AD /* WorkoutTracking2 */,
			);
		};
/* End PBXProject section */

/* Begin PBXResourcesBuildPhase section */
		8321DADD27D2D4B2007057AD /* Resources */ = {
			isa = PBXResourcesBuildPhase;
			buildActionMask = 2147483647;
			files = (
				8321DAEA27D2D4B2007057AD /* Preview Assets.xcassets in Resources */,
				8321DAE727D2D4B2007057AD /* Assets.xcassets in Resources */,
				83158F3F27D4378300EC5709 /* exercises.json in Resources */,
			);
			runOnlyForDeploymentPostprocessing = 0;
		};
/* End PBXResourcesBuildPhase section */

/* Begin PBXSourcesBuildPhase section */
		8321DADB27D2D4B2007057AD /* Sources */ = {
			isa = PBXSourcesBuildPhase;
			buildActionMask = 2147483647;
			files = (
				83158F3627D4315A00EC5709 /* ExerciseView.swift in Sources */,
				8321DAF627D2D4F0007057AD /* Set.swift in Sources */,
				8321DAE527D2D4B2007057AD /* ContentView.swift in Sources */,
				8321DAFE27D2E0BB007057AD /* RoutineDetailsView.swift in Sources */,
				83158F3827D431E900EC5709 /* Bundle-Decodable.swift in Sources */,
				83158F4427D43C5A00EC5709 /* SettingsView.swift in Sources */,
				83158F3A27D4328500EC5709 /* Exercise.swift in Sources */,
				83D3F3E627D5DBC70063960D /* WorkoutPickerListView.swift in Sources */,
				8321DAE327D2D4B2007057AD /* WorkoutTracking2App.swift in Sources */,
				8321DB0027D2E4F2007057AD /* AddWorkoutView.swift in Sources */,
				83158F3E27D433CA00EC5709 /* Bundle-String.swift in Sources */,
				836C3AFD27D41987007A2552 /* UserData.swift in Sources */,
				8321DAF927D2D6F6007057AD /* RoutineView.swift in Sources */,
				8321DAF227D2D4DE007057AD /* Routine.swift in Sources */,
				836C326527D3FE3B00A37223 /* WorkoutDetailsView.swift in Sources */,
				83158F4127D437EB00EC5709 /* ExerciseDetailsView.swift in Sources */,
				83D3F3E427D5D1C00063960D /* WorkoutPicker.swift in Sources */,
				8321DAFB27D2D7CB007057AD /* AddRoutineView.swift in Sources */,
				8321DAF427D2D4E7007057AD /* Workout.swift in Sources */,
			);
			runOnlyForDeploymentPostprocessing = 0;
		};
/* End PBXSourcesBuildPhase section */

/* Begin XCBuildConfiguration section */
		8321DAEB27D2D4B2007057AD /* Debug */ = {
			isa = XCBuildConfiguration;
			buildSettings = {
				ALWAYS_SEARCH_USER_PATHS = NO;
				CLANG_ANALYZER_NONNULL = YES;
				CLANG_ANALYZER_NUMBER_OBJECT_CONVERSION = YES_AGGRESSIVE;
				CLANG_CXX_LANGUAGE_STANDARD = "gnu++17";
				CLANG_CXX_LIBRARY = "libc++";
				CLANG_ENABLE_MODULES = YES;
				CLANG_ENABLE_OBJC_ARC = YES;
				CLANG_ENABLE_OBJC_WEAK = YES;
				CLANG_WARN_BLOCK_CAPTURE_AUTORELEASING = YES;
				CLANG_WARN_BOOL_CONVERSION = YES;
				CLANG_WARN_COMMA = YES;
				CLANG_WARN_CONSTANT_CONVERSION = YES;
				CLANG_WARN_DEPRECATED_OBJC_IMPLEMENTATIONS = YES;
				CLANG_WARN_DIRECT_OBJC_ISA_USAGE = YES_ERROR;
				CLANG_WARN_DOCUMENTATION_COMMENTS = YES;
				CLANG_WARN_EMPTY_BODY = YES;
				CLANG_WARN_ENUM_CONVERSION = YES;
				CLANG_WARN_INFINITE_RECURSION = YES;
				CLANG_WARN_INT_CONVERSION = YES;
				CLANG_WARN_NON_LITERAL_NULL_CONVERSION = YES;
				CLANG_WARN_OBJC_IMPLICIT_RETAIN_SELF = YES;
				CLANG_WARN_OBJC_LITERAL_CONVERSION = YES;
				CLANG_WARN_OBJC_ROOT_CLASS = YES_ERROR;
				CLANG_WARN_QUOTED_INCLUDE_IN_FRAMEWORK_HEADER = YES;
				CLANG_WARN_RANGE_LOOP_ANALYSIS = YES;
				CLANG_WARN_STRICT_PROTOTYPES = YES;
				CLANG_WARN_SUSPICIOUS_MOVE = YES;
				CLANG_WARN_UNGUARDED_AVAILABILITY = YES_AGGRESSIVE;
				CLANG_WARN_UNREACHABLE_CODE = YES;
				CLANG_WARN__DUPLICATE_METHOD_MATCH = YES;
				COPY_PHASE_STRIP = NO;
				DEBUG_INFORMATION_FORMAT = dwarf;
				ENABLE_STRICT_OBJC_MSGSEND = YES;
				ENABLE_TESTABILITY = YES;
				GCC_C_LANGUAGE_STANDARD = gnu11;
				GCC_DYNAMIC_NO_PIC = NO;
				GCC_NO_COMMON_BLOCKS = YES;
				GCC_OPTIMIZATION_LEVEL = 0;
				GCC_PREPROCESSOR_DEFINITIONS = (
					"DEBUG=1",
					"$(inherited)",
				);
				GCC_WARN_64_TO_32_BIT_CONVERSION = YES;
				GCC_WARN_ABOUT_RETURN_TYPE = YES_ERROR;
				GCC_WARN_UNDECLARED_SELECTOR = YES;
				GCC_WARN_UNINITIALIZED_AUTOS = YES_AGGRESSIVE;
				GCC_WARN_UNUSED_FUNCTION = YES;
				GCC_WARN_UNUSED_VARIABLE = YES;
				IPHONEOS_DEPLOYMENT_TARGET = 15.2;
				MTL_ENABLE_DEBUG_INFO = INCLUDE_SOURCE;
				MTL_FAST_MATH = YES;
				ONLY_ACTIVE_ARCH = YES;
				SDKROOT = iphoneos;
				SWIFT_ACTIVE_COMPILATION_CONDITIONS = DEBUG;
				SWIFT_OPTIMIZATION_LEVEL = "-Onone";
			};
			name = Debug;
		};
		8321DAEC27D2D4B2007057AD /* Release */ = {
			isa = XCBuildConfiguration;
			buildSettings = {
				ALWAYS_SEARCH_USER_PATHS = NO;
				CLANG_ANALYZER_NONNULL = YES;
				CLANG_ANALYZER_NUMBER_OBJECT_CONVERSION = YES_AGGRESSIVE;
				CLANG_CXX_LANGUAGE_STANDARD = "gnu++17";
				CLANG_CXX_LIBRARY = "libc++";
				CLANG_ENABLE_MODULES = YES;
				CLANG_ENABLE_OBJC_ARC = YES;
				CLANG_ENABLE_OBJC_WEAK = YES;
				CLANG_WARN_BLOCK_CAPTURE_AUTORELEASING = YES;
				CLANG_WARN_BOOL_CONVERSION = YES;
				CLANG_WARN_COMMA = YES;
				CLANG_WARN_CONSTANT_CONVERSION = YES;
				CLANG_WARN_DEPRECATED_OBJC_IMPLEMENTATIONS = YES;
				CLANG_WARN_DIRECT_OBJC_ISA_USAGE = YES_ERROR;
				CLANG_WARN_DOCUMENTATION_COMMENTS = YES;
				CLANG_WARN_EMPTY_BODY = YES;
				CLANG_WARN_ENUM_CONVERSION = YES;
				CLANG_WARN_INFINITE_RECURSION = YES;
				CLANG_WARN_INT_CONVERSION = YES;
				CLANG_WARN_NON_LITERAL_NULL_CONVERSION = YES;
				CLANG_WARN_OBJC_IMPLICIT_RETAIN_SELF = YES;
				CLANG_WARN_OBJC_LITERAL_CONVERSION = YES;
				CLANG_WARN_OBJC_ROOT_CLASS = YES_ERROR;
				CLANG_WARN_QUOTED_INCLUDE_IN_FRAMEWORK_HEADER = YES;
				CLANG_WARN_RANGE_LOOP_ANALYSIS = YES;
				CLANG_WARN_STRICT_PROTOTYPES = YES;
				CLANG_WARN_SUSPICIOUS_MOVE = YES;
				CLANG_WARN_UNGUARDED_AVAILABILITY = YES_AGGRESSIVE;
				CLANG_WARN_UNREACHABLE_CODE = YES;
				CLANG_WARN__DUPLICATE_METHOD_MATCH = YES;
				COPY_PHASE_STRIP = NO;
				DEBUG_INFORMATION_FORMAT = "dwarf-with-dsym";
				ENABLE_NS_ASSERTIONS = NO;
				ENABLE_STRICT_OBJC_MSGSEND = YES;
				GCC_C_LANGUAGE_STANDARD = gnu11;
				GCC_NO_COMMON_BLOCKS = YES;
				GCC_WARN_64_TO_32_BIT_CONVERSION = YES;
				GCC_WARN_ABOUT_RETURN_TYPE = YES_ERROR;
				GCC_WARN_UNDECLARED_SELECTOR = YES;
				GCC_WARN_UNINITIALIZED_AUTOS = YES_AGGRESSIVE;
				GCC_WARN_UNUSED_FUNCTION = YES;
				GCC_WARN_UNUSED_VARIABLE = YES;
				IPHONEOS_DEPLOYMENT_TARGET = 15.2;
				MTL_ENABLE_DEBUG_INFO = NO;
				MTL_FAST_MATH = YES;
				SDKROOT = iphoneos;
				SWIFT_COMPILATION_MODE = wholemodule;
				SWIFT_OPTIMIZATION_LEVEL = "-O";
				VALIDATE_PRODUCT = YES;
			};
			name = Release;
		};
		8321DAEE27D2D4B2007057AD /* Debug */ = {
			isa = XCBuildConfiguration;
			buildSettings = {
				ASSETCATALOG_COMPILER_APPICON_NAME = AppIcon;
				ASSETCATALOG_COMPILER_GLOBAL_ACCENT_COLOR_NAME = AccentColor;
				CODE_SIGN_STYLE = Automatic;
				CURRENT_PROJECT_VERSION = 1;
				DEVELOPMENT_ASSET_PATHS = "\"WorkoutTracking2/Preview Content\"";
				DEVELOPMENT_TEAM = CRMD47KJ6G;
				ENABLE_PREVIEWS = YES;
				GENERATE_INFOPLIST_FILE = YES;
				INFOPLIST_KEY_UIApplicationSceneManifest_Generation = YES;
				INFOPLIST_KEY_UIApplicationSupportsIndirectInputEvents = YES;
				INFOPLIST_KEY_UILaunchScreen_Generation = YES;
				INFOPLIST_KEY_UISupportedInterfaceOrientations_iPad = "UIInterfaceOrientationPortrait UIInterfaceOrientationPortraitUpsideDown UIInterfaceOrientationLandscapeLeft UIInterfaceOrientationLandscapeRight";
				INFOPLIST_KEY_UISupportedInterfaceOrientations_iPhone = "UIInterfaceOrientationPortrait UIInterfaceOrientationLandscapeLeft UIInterfaceOrientationLandscapeRight";
				LD_RUNPATH_SEARCH_PATHS = (
					"$(inherited)",
					"@executable_path/Frameworks",
				);
				MARKETING_VERSION = 1.0;
				PRODUCT_BUNDLE_IDENTIFIER = com.chrispeloso.WorkoutTracking2;
				PRODUCT_NAME = "$(TARGET_NAME)";
				SWIFT_EMIT_LOC_STRINGS = YES;
				SWIFT_VERSION = 5.0;
				TARGETED_DEVICE_FAMILY = "1,2";
			};
			name = Debug;
		};
		8321DAEF27D2D4B2007057AD /* Release */ = {
			isa = XCBuildConfiguration;
			buildSettings = {
				ASSETCATALOG_COMPILER_APPICON_NAME = AppIcon;
				ASSETCATALOG_COMPILER_GLOBAL_ACCENT_COLOR_NAME = AccentColor;
				CODE_SIGN_STYLE = Automatic;
				CURRENT_PROJECT_VERSION = 1;
				DEVELOPMENT_ASSET_PATHS = "\"WorkoutTracking2/Preview Content\"";
				DEVELOPMENT_TEAM = CRMD47KJ6G;
				ENABLE_PREVIEWS = YES;
				GENERATE_INFOPLIST_FILE = YES;
				INFOPLIST_KEY_UIApplicationSceneManifest_Generation = YES;
				INFOPLIST_KEY_UIApplicationSupportsIndirectInputEvents = YES;
				INFOPLIST_KEY_UILaunchScreen_Generation = YES;
				INFOPLIST_KEY_UISupportedInterfaceOrientations_iPad = "UIInterfaceOrientationPortrait UIInterfaceOrientationPortraitUpsideDown UIInterfaceOrientationLandscapeLeft UIInterfaceOrientationLandscapeRight";
				INFOPLIST_KEY_UISupportedInterfaceOrientations_iPhone = "UIInterfaceOrientationPortrait UIInterfaceOrientationLandscapeLeft UIInterfaceOrientationLandscapeRight";
				LD_RUNPATH_SEARCH_PATHS = (
					"$(inherited)",
					"@executable_path/Frameworks",
				);
				MARKETING_VERSION = 1.0;
				PRODUCT_BUNDLE_IDENTIFIER = com.chrispeloso.WorkoutTracking2;
				PRODUCT_NAME = "$(TARGET_NAME)";
				SWIFT_EMIT_LOC_STRINGS = YES;
				SWIFT_VERSION = 5.0;
				TARGETED_DEVICE_FAMILY = "1,2";
			};
			name = Release;
		};
/* End XCBuildConfiguration section */

/* Begin XCConfigurationList section */
		8321DADA27D2D4B1007057AD /* Build configuration list for PBXProject "WorkoutTracking2" */ = {
			isa = XCConfigurationList;
			buildConfigurations = (
				8321DAEB27D2D4B2007057AD /* Debug */,
				8321DAEC27D2D4B2007057AD /* Release */,
			);
			defaultConfigurationIsVisible = 0;
			defaultConfigurationName = Release;
		};
		8321DAED27D2D4B2007057AD /* Build configuration list for PBXNativeTarget "WorkoutTracking2" */ = {
			isa = XCConfigurationList;
			buildConfigurations = (
				8321DAEE27D2D4B2007057AD /* Debug */,
				8321DAEF27D2D4B2007057AD /* Release */,
			);
			defaultConfigurationIsVisible = 0;
			defaultConfigurationName = Release;
		};
/* End XCConfigurationList section */
	};
	rootObject = 8321DAD727D2D4B1007057AD /* Project object */;
}
